base
base-devel
bash-completion
bc
clang
cmake
diffutils
gdb
git
git-lfs
glibc-locales
inetutils
just
less
libinput
libxkbcommon
lld
llvm
lsof
man-db
man-pages
mesa
meson
mtr
ninja
nss-mdns
openssh
pigz
pixman
pkgconf
rsync
seatd
sudo
tcpdump
time
traceroute
tree
unzip
valgrind
vte-common
vulkan-intel
vulkan-radeon
wayland-protocols
wget
wlroots0.20
words
xorg-xauth
xorg-xwayland
zip
